
Microsoft Visual Studio Solution File, Format Version 12.00
# Visual Studio Version 17
VisualStudioVersion = 17.3.32929.385
MinimumVisualStudioVersion = 10.0.40219.1
Project("{FAE04EC0-301F-11D3-BF4B-00C04F79EFBC}") = "AspIdentity", "AspIdentity\AspIdentity.csproj", "{FAF6F9A7-E318-445F-90A1-31B840E9007B}"
EndProject
Global
	GlobalSection(SolutionConfigurationPlatforms) = preSolution
		Debug|Any CPU = Debug|Any CPU
		Release|Any CPU = Release|Any CPU
	EndGlobalSection
	GlobalSection(ProjectConfigurationPlatforms) = postSolution
		{FAF6F9A7-E318-445F-90A1-31B840E9007B}.Debug|Any CPU.ActiveCfg = Debug|Any CPU
		{FAF6F9A7-E318-445F-90A1-31B840E9007B}.Debug|Any CPU.Build.0 = Debug|Any CPU
		{FAF6F9A7-E318-445F-90A1-31B840E9007B}.Release|Any CPU.ActiveCfg = Release|Any CPU
		{FAF6F9A7-E318-445F-90A1-31B840E9007B}.Release|Any CPU.Build.0 = Release|Any CPU
	EndGlobalSection
	GlobalSection(SolutionProperties) = preSolution
		HideSolutionNode = FALSE
	EndGlobalSection
	GlobalSection(ExtensibilityGlobals) = postSolution
		SolutionGuid = {46055A10-3051-4509-B3C8-981624E6667D}
	EndGlobalSection
EndGlobal
