
Microsoft Visual Studio Solution File, Format Version 12.00
# Visual Studio Version 17
VisualStudioVersion = 17.3.32929.385
MinimumVisualStudioVersion = 10.0.40219.1
Project("{FAE04EC0-301F-11D3-BF4B-00C04F79EFBC}") = "OneCamada", "OneCamada\OneCamada.csproj", "{CC7130FC-99A7-4184-8100-26FDA3D1C6B7}"
EndProject
Project("{FAE04EC0-301F-11D3-BF4B-00C04F79EFBC}") = "TwoCamada.Business", "Src\TwoCamada.Business\TwoCamada.Business.csproj", "{AE95E8C2-F409-45FA-99E3-F234915AF5DE}"
EndProject
Project("{FAE04EC0-301F-11D3-BF4B-00C04F79EFBC}") = "TreeCamada.Data", "Src\TwoCamada.Data\TreeCamada.Data.csproj", "{5DC1ECA5-1746-46E7-8C73-C352F2520DDF}"
EndProject
Global
	GlobalSection(SolutionConfigurationPlatforms) = preSolution
		Debug|Any CPU = Debug|Any CPU
		Release|Any CPU = Release|Any CPU
	EndGlobalSection
	GlobalSection(ProjectConfigurationPlatforms) = postSolution
		{CC7130FC-99A7-4184-8100-26FDA3D1C6B7}.Debug|Any CPU.ActiveCfg = Debug|Any CPU
		{CC7130FC-99A7-4184-8100-26FDA3D1C6B7}.Debug|Any CPU.Build.0 = Debug|Any CPU
		{CC7130FC-99A7-4184-8100-26FDA3D1C6B7}.Release|Any CPU.ActiveCfg = Release|Any CPU
		{CC7130FC-99A7-4184-8100-26FDA3D1C6B7}.Release|Any CPU.Build.0 = Release|Any CPU
		{AE95E8C2-F409-45FA-99E3-F234915AF5DE}.Debug|Any CPU.ActiveCfg = Debug|Any CPU
		{AE95E8C2-F409-45FA-99E3-F234915AF5DE}.Debug|Any CPU.Build.0 = Debug|Any CPU
		{AE95E8C2-F409-45FA-99E3-F234915AF5DE}.Release|Any CPU.ActiveCfg = Release|Any CPU
		{AE95E8C2-F409-45FA-99E3-F234915AF5DE}.Release|Any CPU.Build.0 = Release|Any CPU
		{5DC1ECA5-1746-46E7-8C73-C352F2520DDF}.Debug|Any CPU.ActiveCfg = Debug|Any CPU
		{5DC1ECA5-1746-46E7-8C73-C352F2520DDF}.Debug|Any CPU.Build.0 = Debug|Any CPU
		{5DC1ECA5-1746-46E7-8C73-C352F2520DDF}.Release|Any CPU.ActiveCfg = Release|Any CPU
		{5DC1ECA5-1746-46E7-8C73-C352F2520DDF}.Release|Any CPU.Build.0 = Release|Any CPU
	EndGlobalSection
	GlobalSection(SolutionProperties) = preSolution
		HideSolutionNode = FALSE
	EndGlobalSection
	GlobalSection(ExtensibilityGlobals) = postSolution
		SolutionGuid = {7AAA1474-0EA0-431B-8731-6E64DFA28634}
	EndGlobalSection
EndGlobal
