
Microsoft Visual Studio Solution File, Format Version 12.00
# Visual Studio Version 17
VisualStudioVersion = 17.3.32901.215
MinimumVisualStudioVersion = 10.0.40219.1
Project("{FAE04EC0-301F-11D3-BF4B-00C04F79EFBC}") = "JhonStore", "src\JhonStore\JhonStore.csproj", "{A1B80BEF-045D-4915-ABC4-2C2C07D819CF}"
EndProject
Global
	GlobalSection(SolutionConfigurationPlatforms) = preSolution
		Debug|Any CPU = Debug|Any CPU
		Release|Any CPU = Release|Any CPU
	EndGlobalSection
	GlobalSection(ProjectConfigurationPlatforms) = postSolution
		{A1B80BEF-045D-4915-ABC4-2C2C07D819CF}.Debug|Any CPU.ActiveCfg = Debug|Any CPU
		{A1B80BEF-045D-4915-ABC4-2C2C07D819CF}.Debug|Any CPU.Build.0 = Debug|Any CPU
		{A1B80BEF-045D-4915-ABC4-2C2C07D819CF}.Release|Any CPU.ActiveCfg = Release|Any CPU
		{A1B80BEF-045D-4915-ABC4-2C2C07D819CF}.Release|Any CPU.Build.0 = Release|Any CPU
	EndGlobalSection
	GlobalSection(SolutionProperties) = preSolution
		HideSolutionNode = FALSE
	EndGlobalSection
	GlobalSection(ExtensibilityGlobals) = postSolution
		SolutionGuid = {A9ABA1CA-4D2D-4E53-93E8-09B27C0533E9}
	EndGlobalSection
EndGlobal
