
Microsoft Visual Studio Solution File, Format Version 12.00
# Visual Studio Version 17
VisualStudioVersion = 17.3.32929.385
MinimumVisualStudioVersion = 10.0.40219.1
Project("{FAE04EC0-301F-11D3-BF4B-00C04F79EFBC}") = "WebApplication2", "WebApplication2\WebApplication2.csproj", "{A8337167-9988-4343-B0F6-34EE9CEFD20E}"
EndProject
Global
	GlobalSection(SolutionConfigurationPlatforms) = preSolution
		Debug|Any CPU = Debug|Any CPU
		Release|Any CPU = Release|Any CPU
	EndGlobalSection
	GlobalSection(ProjectConfigurationPlatforms) = postSolution
		{A8337167-9988-4343-B0F6-34EE9CEFD20E}.Debug|Any CPU.ActiveCfg = Debug|Any CPU
		{A8337167-9988-4343-B0F6-34EE9CEFD20E}.Debug|Any CPU.Build.0 = Debug|Any CPU
		{A8337167-9988-4343-B0F6-34EE9CEFD20E}.Release|Any CPU.ActiveCfg = Release|Any CPU
		{A8337167-9988-4343-B0F6-34EE9CEFD20E}.Release|Any CPU.Build.0 = Release|Any CPU
	EndGlobalSection
	GlobalSection(SolutionProperties) = preSolution
		HideSolutionNode = FALSE
	EndGlobalSection
	GlobalSection(ExtensibilityGlobals) = postSolution
		SolutionGuid = {C32CDB08-B4DC-4185-8A7E-D2935E715E65}
	EndGlobalSection
EndGlobal
