
Microsoft Visual Studio Solution File, Format Version 12.00
# Visual Studio Version 17
VisualStudioVersion = 17.3.32929.385
MinimumVisualStudioVersion = 10.0.40219.1
Project("{FAE04EC0-301F-11D3-BF4B-00C04F79EFBC}") = "AspNetIdentity", "AspNetIdentity\AspNetIdentity.csproj", "{79905B9C-F3B6-4BCA-AAF0-B45227A6D9DF}"
EndProject
Global
	GlobalSection(SolutionConfigurationPlatforms) = preSolution
		Debug|Any CPU = Debug|Any CPU
		Release|Any CPU = Release|Any CPU
	EndGlobalSection
	GlobalSection(ProjectConfigurationPlatforms) = postSolution
		{79905B9C-F3B6-4BCA-AAF0-B45227A6D9DF}.Debug|Any CPU.ActiveCfg = Debug|Any CPU
		{79905B9C-F3B6-4BCA-AAF0-B45227A6D9DF}.Debug|Any CPU.Build.0 = Debug|Any CPU
		{79905B9C-F3B6-4BCA-AAF0-B45227A6D9DF}.Release|Any CPU.ActiveCfg = Release|Any CPU
		{79905B9C-F3B6-4BCA-AAF0-B45227A6D9DF}.Release|Any CPU.Build.0 = Release|Any CPU
	EndGlobalSection
	GlobalSection(SolutionProperties) = preSolution
		HideSolutionNode = FALSE
	EndGlobalSection
	GlobalSection(ExtensibilityGlobals) = postSolution
		SolutionGuid = {3269A4C1-5E1D-4A6C-AC82-50B9C5134CC0}
	EndGlobalSection
EndGlobal
