
Microsoft Visual Studio Solution File, Format Version 12.00
# Visual Studio Version 17
VisualStudioVersion = 17.3.32929.385
MinimumVisualStudioVersion = 10.0.40219.1
Project("{FAE04EC0-301F-11D3-BF4B-00C04F79EFBC}") = "MinhaApp.App", "src\MinhaApp.App\MinhaApp.App.csproj", "{EAA01057-494A-4439-8020-5F296ECD8029}"
EndProject
Project("{FAE04EC0-301F-11D3-BF4B-00C04F79EFBC}") = "MinhaApp.Busines", "src\MinhaApp.Busines\MinhaApp.Busines.csproj", "{B0AD2793-4618-4739-8A04-146F10DC9550}"
EndProject
Project("{FAE04EC0-301F-11D3-BF4B-00C04F79EFBC}") = "MinhaApp.Data", "src\MinhaApp.Data\MinhaApp.Data.csproj", "{0435C3CC-7502-4B3C-9392-3122A5670A2C}"
EndProject
Global
	GlobalSection(SolutionConfigurationPlatforms) = preSolution
		Debug|Any CPU = Debug|Any CPU
		Release|Any CPU = Release|Any CPU
	EndGlobalSection
	GlobalSection(ProjectConfigurationPlatforms) = postSolution
		{EAA01057-494A-4439-8020-5F296ECD8029}.Debug|Any CPU.ActiveCfg = Debug|Any CPU
		{EAA01057-494A-4439-8020-5F296ECD8029}.Debug|Any CPU.Build.0 = Debug|Any CPU
		{EAA01057-494A-4439-8020-5F296ECD8029}.Release|Any CPU.ActiveCfg = Release|Any CPU
		{EAA01057-494A-4439-8020-5F296ECD8029}.Release|Any CPU.Build.0 = Release|Any CPU
		{B0AD2793-4618-4739-8A04-146F10DC9550}.Debug|Any CPU.ActiveCfg = Debug|Any CPU
		{B0AD2793-4618-4739-8A04-146F10DC9550}.Debug|Any CPU.Build.0 = Debug|Any CPU
		{B0AD2793-4618-4739-8A04-146F10DC9550}.Release|Any CPU.ActiveCfg = Release|Any CPU
		{B0AD2793-4618-4739-8A04-146F10DC9550}.Release|Any CPU.Build.0 = Release|Any CPU
		{0435C3CC-7502-4B3C-9392-3122A5670A2C}.Debug|Any CPU.ActiveCfg = Debug|Any CPU
		{0435C3CC-7502-4B3C-9392-3122A5670A2C}.Debug|Any CPU.Build.0 = Debug|Any CPU
		{0435C3CC-7502-4B3C-9392-3122A5670A2C}.Release|Any CPU.ActiveCfg = Release|Any CPU
		{0435C3CC-7502-4B3C-9392-3122A5670A2C}.Release|Any CPU.Build.0 = Release|Any CPU
	EndGlobalSection
	GlobalSection(SolutionProperties) = preSolution
		HideSolutionNode = FALSE
	EndGlobalSection
	GlobalSection(ExtensibilityGlobals) = postSolution
		SolutionGuid = {967126D8-E3FB-4DA2-B6BF-B078E5AF5C4E}
	EndGlobalSection
EndGlobal
