
Microsoft Visual Studio Solution File, Format Version 12.00
# Visual Studio Version 17
VisualStudioVersion = 17.3.32929.385
MinimumVisualStudioVersion = 10.0.40219.1
Project("{9A19103F-16F7-4668-BE54-9A1E7A4F7556}") = "Dev.AppMvc", "src\MyAppMvc\Dev.AppMvc.csproj", "{FBE4F45E-4A64-4DDF-8804-A6247197E07D}"
EndProject
Project("{FAE04EC0-301F-11D3-BF4B-00C04F79EFBC}") = "Dev.Bussines", "src\Dev.Bussines\Dev.Bussines.csproj", "{6418A39D-9AD8-4441-AA2D-953753C99CB2}"
EndProject
Project("{FAE04EC0-301F-11D3-BF4B-00C04F79EFBC}") = "Dev.Data", "src\Dev.Data\Dev.Data.csproj", "{407E7621-B04D-46BB-84FC-37168C93A2A9}"
EndProject
Global
	GlobalSection(SolutionConfigurationPlatforms) = preSolution
		Debug|Any CPU = Debug|Any CPU
		Release|Any CPU = Release|Any CPU
	EndGlobalSection
	GlobalSection(ProjectConfigurationPlatforms) = postSolution
		{FBE4F45E-4A64-4DDF-8804-A6247197E07D}.Debug|Any CPU.ActiveCfg = Debug|Any CPU
		{FBE4F45E-4A64-4DDF-8804-A6247197E07D}.Debug|Any CPU.Build.0 = Debug|Any CPU
		{FBE4F45E-4A64-4DDF-8804-A6247197E07D}.Release|Any CPU.ActiveCfg = Release|Any CPU
		{FBE4F45E-4A64-4DDF-8804-A6247197E07D}.Release|Any CPU.Build.0 = Release|Any CPU
		{6418A39D-9AD8-4441-AA2D-953753C99CB2}.Debug|Any CPU.ActiveCfg = Debug|Any CPU
		{6418A39D-9AD8-4441-AA2D-953753C99CB2}.Debug|Any CPU.Build.0 = Debug|Any CPU
		{6418A39D-9AD8-4441-AA2D-953753C99CB2}.Release|Any CPU.ActiveCfg = Release|Any CPU
		{6418A39D-9AD8-4441-AA2D-953753C99CB2}.Release|Any CPU.Build.0 = Release|Any CPU
		{407E7621-B04D-46BB-84FC-37168C93A2A9}.Debug|Any CPU.ActiveCfg = Debug|Any CPU
		{407E7621-B04D-46BB-84FC-37168C93A2A9}.Debug|Any CPU.Build.0 = Debug|Any CPU
		{407E7621-B04D-46BB-84FC-37168C93A2A9}.Release|Any CPU.ActiveCfg = Release|Any CPU
		{407E7621-B04D-46BB-84FC-37168C93A2A9}.Release|Any CPU.Build.0 = Release|Any CPU
	EndGlobalSection
	GlobalSection(SolutionProperties) = preSolution
		HideSolutionNode = FALSE
	EndGlobalSection
	GlobalSection(ExtensibilityGlobals) = postSolution
		SolutionGuid = {61320D85-802B-49F1-A3B1-4C5A7CBFDA2C}
	EndGlobalSection
EndGlobal
