
Microsoft Visual Studio Solution File, Format Version 12.00
# Visual Studio Version 17
VisualStudioVersion = 17.3.32929.385
MinimumVisualStudioVersion = 10.0.40219.1
Project("{FAE04EC0-301F-11D3-BF4B-00C04F79EFBC}") = "Dev.App", "src\DevJoao.App\Dev.App.csproj", "{E6C3DB75-B6D4-4684-AC37-8763C6CB3D92}"
EndProject
Project("{FAE04EC0-301F-11D3-BF4B-00C04F79EFBC}") = "Dev.Bussines", "src\Dev.Bussines\Dev.Bussines.csproj", "{359C2B00-8F79-4884-AED4-48C0E0AAEEA4}"
EndProject
Project("{FAE04EC0-301F-11D3-BF4B-00C04F79EFBC}") = "Dev.Data", "src\Dev.Data\Dev.Data.csproj", "{456829AF-E214-4375-9473-3C896AB3DB09}"
EndProject
Global
	GlobalSection(SolutionConfigurationPlatforms) = preSolution
		Debug|Any CPU = Debug|Any CPU
		Release|Any CPU = Release|Any CPU
	EndGlobalSection
	GlobalSection(ProjectConfigurationPlatforms) = postSolution
		{E6C3DB75-B6D4-4684-AC37-8763C6CB3D92}.Debug|Any CPU.ActiveCfg = Debug|Any CPU
		{E6C3DB75-B6D4-4684-AC37-8763C6CB3D92}.Debug|Any CPU.Build.0 = Debug|Any CPU
		{E6C3DB75-B6D4-4684-AC37-8763C6CB3D92}.Release|Any CPU.ActiveCfg = Release|Any CPU
		{E6C3DB75-B6D4-4684-AC37-8763C6CB3D92}.Release|Any CPU.Build.0 = Release|Any CPU
		{359C2B00-8F79-4884-AED4-48C0E0AAEEA4}.Debug|Any CPU.ActiveCfg = Debug|Any CPU
		{359C2B00-8F79-4884-AED4-48C0E0AAEEA4}.Debug|Any CPU.Build.0 = Debug|Any CPU
		{359C2B00-8F79-4884-AED4-48C0E0AAEEA4}.Release|Any CPU.ActiveCfg = Release|Any CPU
		{359C2B00-8F79-4884-AED4-48C0E0AAEEA4}.Release|Any CPU.Build.0 = Release|Any CPU
		{456829AF-E214-4375-9473-3C896AB3DB09}.Debug|Any CPU.ActiveCfg = Debug|Any CPU
		{456829AF-E214-4375-9473-3C896AB3DB09}.Debug|Any CPU.Build.0 = Debug|Any CPU
		{456829AF-E214-4375-9473-3C896AB3DB09}.Release|Any CPU.ActiveCfg = Release|Any CPU
		{456829AF-E214-4375-9473-3C896AB3DB09}.Release|Any CPU.Build.0 = Release|Any CPU
	EndGlobalSection
	GlobalSection(SolutionProperties) = preSolution
		HideSolutionNode = FALSE
	EndGlobalSection
	GlobalSection(ExtensibilityGlobals) = postSolution
		SolutionGuid = {61320D85-802B-49F1-A3B1-4C5A7CBFDA2C}
	EndGlobalSection
EndGlobal
